// !$*UTF8*$!
{
	archiveVersion = 1;
	classes = {
	};
	objectVersion = 50;
	objects = {

/* Begin PBXBuildFile section */
		ABD4DC3C20CABC990096A2A7 /* AppDelegate.swift in Sources */ = {isa = PBXBuildFile; fileRef = ABD4DC3B20CABC990096A2A7 /* AppDelegate.swift */; };
		ABD4DC4120CABC990096A2A7 /* Main.storyboard in Resources */ = {isa = PBXBuildFile; fileRef = ABD4DC3F20CABC990096A2A7 /* Main.storyboard */; };
		ABD4DC4320CABC9B0096A2A7 /* Assets.xcassets in Resources */ = {isa = PBXBuildFile; fileRef = ABD4DC4220CABC9B0096A2A7 /* Assets.xcassets */; };
		ABD4DC4620CABC9B0096A2A7 /* LaunchScreen.storyboard in Resources */ = {isa = PBXBuildFile; fileRef = ABD4DC4420CABC9B0096A2A7 /* LaunchScreen.storyboard */; };
		ABD7A65C20CF9B17007406F3 /* DrawerState.swift in Sources */ = {isa = PBXBuildFile; fileRef = ABD7A65B20CF9B17007406F3 /* DrawerState.swift */; };
		ABF33FC520CDAD820026F99D /* AnimationViewController.swift in Sources */ = {isa = PBXBuildFile; fileRef = ABF33FC420CDAD820026F99D /* AnimationViewController.swift */; };
/* End PBXBuildFile section */

/* Begin PBXFileReference section */
		ABD4DC3820CABC990096A2A7 /* InteractiveAnimation.app */ = {isa = PBXFileReference; explicitFileType = wrapper.application; includeInIndex = 0; path = InteractiveAnimation.app; sourceTree = BUILT_PRODUCTS_DIR; };
		ABD4DC3B20CABC990096A2A7 /* AppDelegate.swift */ = {isa = PBXFileReference; lastKnownFileType = sourcecode.swift; path = AppDelegate.swift; sourceTree = "<group>"; };
		ABD4DC4020CABC990096A2A7 /* Base */ = {isa = PBXFileReference; lastKnownFileType = file.storyboard; name = Base; path = Base.lproj/Main.storyboard; sourceTree = "<group>"; };
		ABD4DC4220CABC9B0096A2A7 /* Assets.xcassets */ = {isa = PBXFileReference; lastKnownFileType = folder.assetcatalog; path = Assets.xcassets; sourceTree = "<group>"; };
		ABD4DC4520CABC9B0096A2A7 /* Base */ = {isa = PBXFileReference; lastKnownFileType = file.storyboard; name = Base; path = Base.lproj/LaunchScreen.storyboard; sourceTree = "<group>"; };
		ABD4DC4720CABC9B0096A2A7 /* Info.plist */ = {isa = PBXFileReference; lastKnownFileType = text.plist.xml; path = Info.plist; sourceTree = "<group>"; };
		ABD7A65B20CF9B17007406F3 /* DrawerState.swift */ = {isa = PBXFileReference; lastKnownFileType = sourcecode.swift; path = DrawerState.swift; sourceTree = "<group>"; };
		ABF33FC420CDAD820026F99D /* AnimationViewController.swift */ = {isa = PBXFileReference; lastKnownFileType = sourcecode.swift; path = AnimationViewController.swift; sourceTree = "<group>"; };
/* End PBXFileReference section */

/* Begin PBXFrameworksBuildPhase section */
		ABD4DC3520CABC990096A2A7 /* Frameworks */ = {
			isa = PBXFrameworksBuildPhase;
			buildActionMask = 2147483647;
			files = (
			);
			runOnlyForDeploymentPostprocessing = 0;
		};
/* End PBXFrameworksBuildPhase section */

/* Begin PBXGroup section */
		ABD4DC2F20CABC990096A2A7 = {
			isa = PBXGroup;
			children = (
				ABD4DC3A20CABC990096A2A7 /* InteractiveAnimation */,
				ABD4DC3920CABC990096A2A7 /* Products */,
			);
			sourceTree = "<group>";
		};
		ABD4DC3920CABC990096A2A7 /* Products */ = {
			isa = PBXGroup;
			children = (
				ABD4DC3820CABC990096A2A7 /* InteractiveAnimation.app */,
			);
			name = Products;
			sourceTree = "<group>";
		};
		ABD4DC3A20CABC990096A2A7 /* InteractiveAnimation */ = {
			isa = PBXGroup;
			children = (
				ABD4DC3B20CABC990096A2A7 /* AppDelegate.swift */,
				ABD4DC3F20CABC990096A2A7 /* Main.storyboard */,
				ABD4DC4220CABC9B0096A2A7 /* Assets.xcassets */,
				ABD4DC4420CABC9B0096A2A7 /* LaunchScreen.storyboard */,
				ABD4DC4720CABC9B0096A2A7 /* Info.plist */,
				ABF33FC420CDAD820026F99D /* AnimationViewController.swift */,
				ABD7A65B20CF9B17007406F3 /* DrawerState.swift */,
			);
			path = InteractiveAnimation;
			sourceTree = "<group>";
		};
/* End PBXGroup section */

/* Begin PBXNativeTarget section */
		ABD4DC3720CABC990096A2A7 /* InteractiveAnimation */ = {
			isa = PBXNativeTarget;
			buildConfigurationList = ABD4DC4A20CABC9B0096A2A7 /* Build configuration list for PBXNativeTarget "InteractiveAnimation" */;
			buildPhases = (
				ABD4DC3420CABC990096A2A7 /* Sources */,
				ABD4DC3520CABC990096A2A7 /* Frameworks */,
				ABD4DC3620CABC990096A2A7 /* Resources */,
			);
			buildRules = (
			);
			dependencies = (
			);
			name = InteractiveAnimation;
			productName = InteractiveAnimation;
			productReference = ABD4DC3820CABC990096A2A7 /* InteractiveAnimation.app */;
			productType = "com.apple.product-type.application";
		};
/* End PBXNativeTarget section */

/* Begin PBXProject section */
		ABD4DC3020CABC990096A2A7 /* Project object */ = {
			isa = PBXProject;
			attributes = {
				LastSwiftUpdateCheck = 0930;
				LastUpgradeCheck = 0930;
				ORGANIZATIONNAME = "Prateek Sharma";
				TargetAttributes = {
					ABD4DC3720CABC990096A2A7 = {
						CreatedOnToolsVersion = 9.3;
					};
				};
			};
			buildConfigurationList = ABD4DC3320CABC990096A2A7 /* Build configuration list for PBXProject "InteractiveAnimation" */;
			compatibilityVersion = "Xcode 9.3";
			developmentRegion = en;
			hasScannedForEncodings = 0;
			knownRegions = (
				en,
				Base,
			);
			mainGroup = ABD4DC2F20CABC990096A2A7;
			productRefGroup = ABD4DC3920CABC990096A2A7 /* Products */;
			projectDirPath = "";
			projectRoot = "";
			targets = (
				ABD4DC3720CABC990096A2A7 /* InteractiveAnimation */,
			);
		};
/* End PBXProject section */

/* Begin PBXResourcesBuildPhase section */
		ABD4DC3620CABC990096A2A7 /* Resources */ = {
			isa = PBXResourcesBuildPhase;
			buildActionMask = 2147483647;
			files = (
				ABD4DC4620CABC9B0096A2A7 /* LaunchScreen.storyboard in Resources */,
				ABD4DC4320CABC9B0096A2A7 /* Assets.xcassets in Resources */,
				ABD4DC4120CABC990096A2A7 /* Main.storyboard in Resources */,
			);
			runOnlyForDeploymentPostprocessing = 0;
		};
/* End PBXResourcesBuildPhase section */

/* Begin PBXSourcesBuildPhase section */
		ABD4DC3420CABC990096A2A7 /* Sources */ = {
			isa = PBXSourcesBuildPhase;
			buildActionMask = 2147483647;
			files = (
				ABD7A65C20CF9B17007406F3 /* DrawerState.swift in Sources */,
				ABD4DC3C20CABC990096A2A7 /* AppDelegate.swift in Sources */,
				ABF33FC520CDAD820026F99D /* AnimationViewController.swift in Sources */,
			);
			runOnlyForDeploymentPostprocessing = 0;
		};
/* End PBXSourcesBuildPhase section */

/* Begin PBXVariantGroup section */
		ABD4DC3F20CABC990096A2A7 /* Main.storyboard */ = {
			isa = PBXVariantGroup;
			children = (
				ABD4DC4020CABC990096A2A7 /* Base */,
			);
			name = Main.storyboard;
			sourceTree = "<group>";
		};
		ABD4DC4420CABC9B0096A2A7 /* LaunchScreen.storyboard */ = {
			isa = PBXVariantGroup;
			children = (
				ABD4DC4520CABC9B0096A2A7 /* Base */,
			);
			name = LaunchScreen.storyboard;
			sourceTree = "<group>";
		};
/* End PBXVariantGroup section */

/* Begin XCBuildConfiguration section */
		ABD4DC4820CABC9B0096A2A7 /* Debug */ = {
			isa = XCBuildConfiguration;
			buildSettings = {
				ALWAYS_SEARCH_USER_PATHS = NO;
				CLANG_ANALYZER_NONNULL = YES;
				CLANG_ANALYZER_NUMBER_OBJECT_CONVERSION = YES_AGGRESSIVE;
				CLANG_CXX_LANGUAGE_STANDARD = "gnu++14";
				CLANG_CXX_LIBRARY = "libc++";
				CLANG_ENABLE_MODULES = YES;
				CLANG_ENABLE_OBJC_ARC = YES;
				CLANG_ENABLE_OBJC_WEAK = YES;
				CLANG_WARN_BLOCK_CAPTURE_AUTORELEASING = YES;
				CLANG_WARN_BOOL_CONVERSION = YES;
				CLANG_WARN_COMMA = YES;
				CLANG_WARN_CONSTANT_CONVERSION = YES;
				CLANG_WARN_DEPRECATED_OBJC_IMPLEMENTATIONS = YES;
				CLANG_WARN_DIRECT_OBJC_ISA_USAGE = YES_ERROR;
				CLANG_WARN_DOCUMENTATION_COMMENTS = YES;
				CLANG_WARN_EMPTY_BODY = YES;
				CLANG_WARN_ENUM_CONVERSION = YES;
				CLANG_WARN_INFINITE_RECURSION = YES;
				CLANG_WARN_INT_CONVERSION = YES;
				CLANG_WARN_NON_LITERAL_NULL_CONVERSION = YES;
				CLANG_WARN_OBJC_IMPLICIT_RETAIN_SELF = YES;
				CLANG_WARN_OBJC_LITERAL_CONVERSION = YES;
				CLANG_WARN_OBJC_ROOT_CLASS = YES_ERROR;
				CLANG_WARN_RANGE_LOOP_ANALYSIS = YES;
				CLANG_WARN_STRICT_PROTOTYPES = YES;
				CLANG_WARN_SUSPICIOUS_MOVE = YES;
				CLANG_WARN_UNGUARDED_AVAILABILITY = YES_AGGRESSIVE;
				CLANG_WARN_UNREACHABLE_CODE = YES;
				CLANG_WARN__DUPLICATE_METHOD_MATCH = YES;
				CODE_SIGN_IDENTITY = "iPhone Developer";
				COPY_PHASE_STRIP = NO;
				DEBUG_INFORMATION_FORMAT = dwarf;
				ENABLE_STRICT_OBJC_MSGSEND = YES;
				ENABLE_TESTABILITY = YES;
				GCC_C_LANGUAGE_STANDARD = gnu11;
				GCC_DYNAMIC_NO_PIC = NO;
				GCC_NO_COMMON_BLOCKS = YES;
				GCC_OPTIMIZATION_LEVEL = 0;
				GCC_PREPROCESSOR_DEFINITIONS = (
					"DEBUG=1",
					"$(inherited)",
				);
				GCC_WARN_64_TO_32_BIT_CONVERSION = YES;
				GCC_WARN_ABOUT_RETURN_TYPE = YES_ERROR;
				GCC_WARN_UNDECLARED_SELECTOR = YES;
				GCC_WARN_UNINITIALIZED_AUTOS = YES_AGGRESSIVE;
				GCC_WARN_UNUSED_FUNCTION = YES;
				GCC_WARN_UNUSED_VARIABLE = YES;
				IPHONEOS_DEPLOYMENT_TARGET = 11.3;
				MTL_ENABLE_DEBUG_INFO = YES;
				ONLY_ACTIVE_ARCH = YES;
				SDKROOT = iphoneos;
				SWIFT_ACTIVE_COMPILATION_CONDITIONS = DEBUG;
				SWIFT_OPTIMIZATION_LEVEL = "-Onone";
			};
			name = Debug;
		};
		ABD4DC4920CABC9B0096A2A7 /* Release */ = {
			isa = XCBuildConfiguration;
			buildSettings = {
				ALWAYS_SEARCH_USER_PATHS = NO;
				CLANG_ANALYZER_NONNULL = YES;
				CLANG_ANALYZER_NUMBER_OBJECT_CONVERSION = YES_AGGRESSIVE;
				CLANG_CXX_LANGUAGE_STANDARD = "gnu++14";
				CLANG_CXX_LIBRARY = "libc++";
				CLANG_ENABLE_MODULES = YES;
				CLANG_ENABLE_OBJC_ARC = YES;
				CLANG_ENABLE_OBJC_WEAK = YES;
				CLANG_WARN_BLOCK_CAPTURE_AUTORELEASING = YES;
				CLANG_WARN_BOOL_CONVERSION = YES;
				CLANG_WARN_COMMA = YES;
				CLANG_WARN_CONSTANT_CONVERSION = YES;
				CLANG_WARN_DEPRECATED_OBJC_IMPLEMENTATIONS = YES;
				CLANG_WARN_DIRECT_OBJC_ISA_USAGE = YES_ERROR;
				CLANG_WARN_DOCUMENTATION_COMMENTS = YES;
				CLANG_WARN_EMPTY_BODY = YES;
				CLANG_WARN_ENUM_CONVERSION = YES;
				CLANG_WARN_INFINITE_RECURSION = YES;
				CLANG_WARN_INT_CONVERSION = YES;
				CLANG_WARN_NON_LITERAL_NULL_CONVERSION = YES;
				CLANG_WARN_OBJC_IMPLICIT_RETAIN_SELF = YES;
				CLANG_WARN_OBJC_LITERAL_CONVERSION = YES;
				CLANG_WARN_OBJC_ROOT_CLASS = YES_ERROR;
				CLANG_WARN_RANGE_LOOP_ANALYSIS = YES;
				CLANG_WARN_STRICT_PROTOTYPES = YES;
				CLANG_WARN_SUSPICIOUS_MOVE = YES;
				CLANG_WARN_UNGUARDED_AVAILABILITY = YES_AGGRESSIVE;
				CLANG_WARN_UNREACHABLE_CODE = YES;
				CLANG_WARN__DUPLICATE_METHOD_MATCH = YES;
				CODE_SIGN_IDENTITY = "iPhone Developer";
				COPY_PHASE_STRIP = NO;
				DEBUG_INFORMATION_FORMAT = "dwarf-with-dsym";
				ENABLE_NS_ASSERTIONS = NO;
				ENABLE_STRICT_OBJC_MSGSEND = YES;
				GCC_C_LANGUAGE_STANDARD = gnu11;
				GCC_NO_COMMON_BLOCKS = YES;
				GCC_WARN_64_TO_32_BIT_CONVERSION = YES;
				GCC_WARN_ABOUT_RETURN_TYPE = YES_ERROR;
				GCC_WARN_UNDECLARED_SELECTOR = YES;
				GCC_WARN_UNINITIALIZED_AUTOS = YES_AGGRESSIVE;
				GCC_WARN_UNUSED_FUNCTION = YES;
				GCC_WARN_UNUSED_VARIABLE = YES;
				IPHONEOS_DEPLOYMENT_TARGET = 11.3;
				MTL_ENABLE_DEBUG_INFO = NO;
				SDKROOT = iphoneos;
				SWIFT_COMPILATION_MODE = wholemodule;
				SWIFT_OPTIMIZATION_LEVEL = "-O";
				VALIDATE_PRODUCT = YES;
			};
			name = Release;
		};
		ABD4DC4B20CABC9B0096A2A7 /* Debug */ = {
			isa = XCBuildConfiguration;
			buildSettings = {
				ASSETCATALOG_COMPILER_APPICON_NAME = AppIcon;
				CODE_SIGN_STYLE = Automatic;
				DEVELOPMENT_TEAM = 754Y5932HF;
				INFOPLIST_FILE = InteractiveAnimation/Info.plist;
				IPHONEOS_DEPLOYMENT_TARGET = 11.0;
				LD_RUNPATH_SEARCH_PATHS = (
					"$(inherited)",
					"@executable_path/Frameworks",
				);
				PRODUCT_BUNDLE_IDENTIFIER = com.vinsol.InteractiveAnimation;
				PRODUCT_NAME = "$(TARGET_NAME)";
				SWIFT_VERSION = 4.0;
				TARGETED_DEVICE_FAMILY = "1,2";
			};
			name = Debug;
		};
		ABD4DC4C20CABC9B0096A2A7 /* Release */ = {
			isa = XCBuildConfiguration;
			buildSettings = {
				ASSETCATALOG_COMPILER_APPICON_NAME = AppIcon;
				CODE_SIGN_STYLE = Automatic;
				DEVELOPMENT_TEAM = 754Y5932HF;
				INFOPLIST_FILE = InteractiveAnimation/Info.plist;
				IPHONEOS_DEPLOYMENT_TARGET = 11.0;
				LD_RUNPATH_SEARCH_PATHS = (
					"$(inherited)",
					"@executable_path/Frameworks",
				);
				PRODUCT_BUNDLE_IDENTIFIER = com.vinsol.InteractiveAnimation;
				PRODUCT_NAME = "$(TARGET_NAME)";
				SWIFT_VERSION = 4.0;
				TARGETED_DEVICE_FAMILY = "1,2";
			};
			name = Release;
		};
/* End XCBuildConfiguration section */

/* Begin XCConfigurationList section */
		ABD4DC3320CABC990096A2A7 /* Build configuration list for PBXProject "InteractiveAnimation" */ = {
			isa = XCConfigurationList;
			buildConfigurations = (
				ABD4DC4820CABC9B0096A2A7 /* Debug */,
				ABD4DC4920CABC9B0096A2A7 /* Release */,
			);
			defaultConfigurationIsVisible = 0;
			defaultConfigurationName = Release;
		};
		ABD4DC4A20CABC9B0096A2A7 /* Build configuration list for PBXNativeTarget "InteractiveAnimation" */ = {
			isa = XCConfigurationList;
			buildConfigurations = (
				ABD4DC4B20CABC9B0096A2A7 /* Debug */,
				ABD4DC4C20CABC9B0096A2A7 /* Release */,
			);
			defaultConfigurationIsVisible = 0;
			defaultConfigurationName = Release;
		};
/* End XCConfigurationList section */
	};
	rootObject = ABD4DC3020CABC990096A2A7 /* Project object */;
}
